
Microsoft Visual Studio Solution File, Format Version 12.00
# Visual Studio 14
VisualStudioVersion = 14.0.25420.1
MinimumVisualStudioVersion = 10.0.40219.1
Project("{2150E333-8FDC-42A3-9474-1A3956D46DE8}") = "src", "src", "{3867BE57-3D1A-4368-A57F-1B0889101B43}"
EndProject
Project("{2150E333-8FDC-42A3-9474-1A3956D46DE8}") = "Solution Items", "Solution Items", "{29F0FDCB-1D8D-484D-AE38-6AB36DB94795}"
	ProjectSection(SolutionItems) = preProject
		global.json = global.json
	EndProjectSection
EndProject
Project("{8BB2217D-0F2D-49D1-97BC-3654ED321F3B}") = "LelBuild", "src\LelBuild\LelBuild.xproj", "{D360EA12-8281-40C7-B352-0014D3B5D720}"
EndProject
Project("{8BB2217D-0F2D-49D1-97BC-3654ED321F3B}") = "LelFlow", "src\LelFlow\LelFlow.xproj", "{DA12A676-A3CA-4DE5-964E-D92B84DDF738}"
EndProject
Project("{8BB2217D-0F2D-49D1-97BC-3654ED321F3B}") = "LelX", "src\LelX\LelX.xproj", "{5812435C-F4D4-47B4-A8D9-EFADB7411F21}"
EndProject
Project("{8BB2217D-0F2D-49D1-97BC-3654ED321F3B}") = "LelConsumer", "src\LelConsumer\LelConsumer.xproj", "{D508BF9D-3783-4C0B-A2F1-F220E3E06058}"
EndProject
Project("{8BB2217D-0F2D-49D1-97BC-3654ED321F3B}") = "LelApi", "src\LelApi\LelApi.xproj", "{070463BA-5A11-429F-8907-2B601A2D8F14}"
EndProject
Project("{8BB2217D-0F2D-49D1-97BC-3654ED321F3B}") = "LelCommon", "src\LelCommon\LelCommon.xproj", "{9151E349-C6B8-4250-AE04-54210589E43A}"
EndProject
Project("{8BB2217D-0F2D-49D1-97BC-3654ED321F3B}") = "LelSqlAggregator", "src\LelSqlAggregator\LelSqlAggregator.xproj", "{634B9727-A0B7-4F3D-AA08-FD78F6C6233B}"
EndProject
Project("{8BB2217D-0F2D-49D1-97BC-3654ED321F3B}") = "LelMongoAggregator", "src\LelMongoAggregator\LelMongoAggregator.xproj", "{2D85D5A1-AEBE-4BA9-9F14-D1B4E7BFE42C}"
EndProject
Global
	GlobalSection(SolutionConfigurationPlatforms) = preSolution
		Debug|Any CPU = Debug|Any CPU
		Release|Any CPU = Release|Any CPU
	EndGlobalSection
	GlobalSection(ProjectConfigurationPlatforms) = postSolution
		{D360EA12-8281-40C7-B352-0014D3B5D720}.Debug|Any CPU.ActiveCfg = Debug|Any CPU
		{D360EA12-8281-40C7-B352-0014D3B5D720}.Debug|Any CPU.Build.0 = Debug|Any CPU
		{D360EA12-8281-40C7-B352-0014D3B5D720}.Release|Any CPU.ActiveCfg = Release|Any CPU
		{D360EA12-8281-40C7-B352-0014D3B5D720}.Release|Any CPU.Build.0 = Release|Any CPU
		{DA12A676-A3CA-4DE5-964E-D92B84DDF738}.Debug|Any CPU.ActiveCfg = Debug|Any CPU
		{DA12A676-A3CA-4DE5-964E-D92B84DDF738}.Debug|Any CPU.Build.0 = Debug|Any CPU
		{DA12A676-A3CA-4DE5-964E-D92B84DDF738}.Release|Any CPU.ActiveCfg = Release|Any CPU
		{DA12A676-A3CA-4DE5-964E-D92B84DDF738}.Release|Any CPU.Build.0 = Release|Any CPU
		{5812435C-F4D4-47B4-A8D9-EFADB7411F21}.Debug|Any CPU.ActiveCfg = Debug|Any CPU
		{5812435C-F4D4-47B4-A8D9-EFADB7411F21}.Debug|Any CPU.Build.0 = Debug|Any CPU
		{5812435C-F4D4-47B4-A8D9-EFADB7411F21}.Release|Any CPU.ActiveCfg = Release|Any CPU
		{5812435C-F4D4-47B4-A8D9-EFADB7411F21}.Release|Any CPU.Build.0 = Release|Any CPU
		{D508BF9D-3783-4C0B-A2F1-F220E3E06058}.Debug|Any CPU.ActiveCfg = Debug|Any CPU
		{D508BF9D-3783-4C0B-A2F1-F220E3E06058}.Debug|Any CPU.Build.0 = Debug|Any CPU
		{D508BF9D-3783-4C0B-A2F1-F220E3E06058}.Release|Any CPU.ActiveCfg = Release|Any CPU
		{D508BF9D-3783-4C0B-A2F1-F220E3E06058}.Release|Any CPU.Build.0 = Release|Any CPU
		{070463BA-5A11-429F-8907-2B601A2D8F14}.Debug|Any CPU.ActiveCfg = Debug|Any CPU
		{070463BA-5A11-429F-8907-2B601A2D8F14}.Debug|Any CPU.Build.0 = Debug|Any CPU
		{070463BA-5A11-429F-8907-2B601A2D8F14}.Release|Any CPU.ActiveCfg = Release|Any CPU
		{070463BA-5A11-429F-8907-2B601A2D8F14}.Release|Any CPU.Build.0 = Release|Any CPU
		{9151E349-C6B8-4250-AE04-54210589E43A}.Debug|Any CPU.ActiveCfg = Debug|Any CPU
		{9151E349-C6B8-4250-AE04-54210589E43A}.Debug|Any CPU.Build.0 = Debug|Any CPU
		{9151E349-C6B8-4250-AE04-54210589E43A}.Release|Any CPU.ActiveCfg = Release|Any CPU
		{9151E349-C6B8-4250-AE04-54210589E43A}.Release|Any CPU.Build.0 = Release|Any CPU
		{634B9727-A0B7-4F3D-AA08-FD78F6C6233B}.Debug|Any CPU.ActiveCfg = Debug|Any CPU
		{634B9727-A0B7-4F3D-AA08-FD78F6C6233B}.Debug|Any CPU.Build.0 = Debug|Any CPU
		{634B9727-A0B7-4F3D-AA08-FD78F6C6233B}.Release|Any CPU.ActiveCfg = Release|Any CPU
		{634B9727-A0B7-4F3D-AA08-FD78F6C6233B}.Release|Any CPU.Build.0 = Release|Any CPU
		{2D85D5A1-AEBE-4BA9-9F14-D1B4E7BFE42C}.Debug|Any CPU.ActiveCfg = Debug|Any CPU
		{2D85D5A1-AEBE-4BA9-9F14-D1B4E7BFE42C}.Debug|Any CPU.Build.0 = Debug|Any CPU
		{2D85D5A1-AEBE-4BA9-9F14-D1B4E7BFE42C}.Release|Any CPU.ActiveCfg = Release|Any CPU
		{2D85D5A1-AEBE-4BA9-9F14-D1B4E7BFE42C}.Release|Any CPU.Build.0 = Release|Any CPU
	EndGlobalSection
	GlobalSection(SolutionProperties) = preSolution
		HideSolutionNode = FALSE
	EndGlobalSection
	GlobalSection(NestedProjects) = preSolution
		{D360EA12-8281-40C7-B352-0014D3B5D720} = {3867BE57-3D1A-4368-A57F-1B0889101B43}
		{DA12A676-A3CA-4DE5-964E-D92B84DDF738} = {3867BE57-3D1A-4368-A57F-1B0889101B43}
		{5812435C-F4D4-47B4-A8D9-EFADB7411F21} = {3867BE57-3D1A-4368-A57F-1B0889101B43}
		{D508BF9D-3783-4C0B-A2F1-F220E3E06058} = {3867BE57-3D1A-4368-A57F-1B0889101B43}
		{070463BA-5A11-429F-8907-2B601A2D8F14} = {3867BE57-3D1A-4368-A57F-1B0889101B43}
		{9151E349-C6B8-4250-AE04-54210589E43A} = {3867BE57-3D1A-4368-A57F-1B0889101B43}
		{634B9727-A0B7-4F3D-AA08-FD78F6C6233B} = {3867BE57-3D1A-4368-A57F-1B0889101B43}
		{2D85D5A1-AEBE-4BA9-9F14-D1B4E7BFE42C} = {3867BE57-3D1A-4368-A57F-1B0889101B43}
	EndGlobalSection
EndGlobal
